// !$*UTF8*$!
{
	archiveVersion = 1;
	classes = {
	};
	objectVersion = 55;
	objects = {

/* Begin PBXBuildFile section */
		8265087428C16B500011A483 /* Pipeline.cpp in Sources */ = {isa = PBXBuildFile; fileRef = 8265087328C16B500011A483 /* Pipeline.cpp */; };
		8265087628C16D3D0011A483 /* Utils.cpp in Sources */ = {isa = PBXBuildFile; fileRef = 8265087528C16D3D0011A483 /* Utils.cpp */; };
		8265087828C175ED0011A483 /* Instance.cpp in Sources */ = {isa = PBXBuildFile; fileRef = 8265087728C175ED0011A483 /* Instance.cpp */; };
		828A109E28BA96B40096E823 /* main.cpp in Sources */ = {isa = PBXBuildFile; fileRef = 828A109D28BA96B40096E823 /* main.cpp */; };
		828A10A128BA98640096E823 /* libvulkan.1.dylib in Frameworks */ = {isa = PBXBuildFile; fileRef = 828A10A028BA98640096E823 /* libvulkan.1.dylib */; };
		828A10A328BA98690096E823 /* libvulkan.1.dylib in CopyFiles */ = {isa = PBXBuildFile; fileRef = 828A10A228BA98690096E823 /* libvulkan.1.dylib */; settings = {ATTRIBUTES = (CodeSignOnCopy, ); }; };
		828A10A528BA986F0096E823 /* libvulkan.1.3.216.dylib in Frameworks */ = {isa = PBXBuildFile; fileRef = 828A10A428BA986F0096E823 /* libvulkan.1.3.216.dylib */; };
		828A10A728BA98740096E823 /* libvulkan.1.3.216.dylib in CopyFiles */ = {isa = PBXBuildFile; fileRef = 828A10A628BA98740096E823 /* libvulkan.1.3.216.dylib */; settings = {ATTRIBUTES = (CodeSignOnCopy, ); }; };
		828A10A928BA98CB0096E823 /* libglfw.3.3.dylib in Frameworks */ = {isa = PBXBuildFile; fileRef = 828A10A828BA98CB0096E823 /* libglfw.3.3.dylib */; };
		828A10AB28BA98D00096E823 /* libglfw.3.3.dylib in CopyFiles */ = {isa = PBXBuildFile; fileRef = 828A10AA28BA98D00096E823 /* libglfw.3.3.dylib */; settings = {ATTRIBUTES = (CodeSignOnCopy, ); }; };
		828A10AD28BA99250096E823 /* Window.cpp in Sources */ = {isa = PBXBuildFile; fileRef = 828A10AC28BA99250096E823 /* Window.cpp */; };
		828A10AF28BA992D0096E823 /* ValLayers.cpp in Sources */ = {isa = PBXBuildFile; fileRef = 828A10AE28BA992D0096E823 /* ValLayers.cpp */; };
		828A10B128BA99360096E823 /* Device.cpp in Sources */ = {isa = PBXBuildFile; fileRef = 828A10B028BA99360096E823 /* Device.cpp */; };
		828A10B328BA993C0096E823 /* Queue.cpp in Sources */ = {isa = PBXBuildFile; fileRef = 828A10B228BA993C0096E823 /* Queue.cpp */; };
		828A10B528BA99440096E823 /* SwapChain.cpp in Sources */ = {isa = PBXBuildFile; fileRef = 828A10B428BA99440096E823 /* SwapChain.cpp */; };
/* End PBXBuildFile section */

/* Begin PBXCopyFilesBuildPhase section */
		828A108B28BA95B70096E823 /* CopyFiles */ = {
			isa = PBXCopyFilesBuildPhase;
			buildActionMask = 12;
			dstPath = "";
			dstSubfolderSpec = 10;
			files = (
				828A10A328BA98690096E823 /* libvulkan.1.dylib in CopyFiles */,
				828A10A728BA98740096E823 /* libvulkan.1.3.216.dylib in CopyFiles */,
				828A10AB28BA98D00096E823 /* libglfw.3.3.dylib in CopyFiles */,
			);
			runOnlyForDeploymentPostprocessing = 0;
		};
/* End PBXCopyFilesBuildPhase section */

/* Begin PBXFileReference section */
		8265087128C0EA850011A483 /* shaders */ = {isa = PBXFileReference; lastKnownFileType = folder; path = shaders; sourceTree = "<group>"; };
		8265087328C16B500011A483 /* Pipeline.cpp */ = {isa = PBXFileReference; lastKnownFileType = sourcecode.cpp.cpp; name = Pipeline.cpp; path = src/Pipeline.cpp; sourceTree = "<group>"; };
		8265087528C16D3D0011A483 /* Utils.cpp */ = {isa = PBXFileReference; lastKnownFileType = sourcecode.cpp.cpp; name = Utils.cpp; path = src/Utils.cpp; sourceTree = "<group>"; };
		8265087728C175ED0011A483 /* Instance.cpp */ = {isa = PBXFileReference; lastKnownFileType = sourcecode.cpp.cpp; name = Instance.cpp; path = src/Instance.cpp; sourceTree = "<group>"; };
		828A108D28BA95B70096E823 /* Vulkan */ = {isa = PBXFileReference; explicitFileType = "compiled.mach-o.executable"; includeInIndex = 0; path = Vulkan; sourceTree = BUILT_PRODUCTS_DIR; };
		828A109728BA96670096E823 /* include */ = {isa = PBXFileReference; lastKnownFileType = folder; path = include; sourceTree = "<group>"; };
		828A109828BA96770096E823 /* src */ = {isa = PBXFileReference; lastKnownFileType = folder; path = src; sourceTree = "<group>"; };
		828A109D28BA96B40096E823 /* main.cpp */ = {isa = PBXFileReference; fileEncoding = 4; lastKnownFileType = sourcecode.cpp.cpp; path = main.cpp; sourceTree = "<group>"; };
		828A10A028BA98640096E823 /* libvulkan.1.dylib */ = {isa = PBXFileReference; lastKnownFileType = "compiled.mach-o.dylib"; name = libvulkan.1.dylib; path = ../../../../usr/local/lib/libvulkan.1.dylib; sourceTree = "<group>"; };
		828A10A228BA98690096E823 /* libvulkan.1.dylib */ = {isa = PBXFileReference; lastKnownFileType = "compiled.mach-o.dylib"; name = libvulkan.1.dylib; path = ../../../../usr/local/lib/libvulkan.1.dylib; sourceTree = "<group>"; };
		828A10A428BA986F0096E823 /* libvulkan.1.3.216.dylib */ = {isa = PBXFileReference; lastKnownFileType = "compiled.mach-o.dylib"; name = libvulkan.1.3.216.dylib; path = ../../../../usr/local/lib/libvulkan.1.3.216.dylib; sourceTree = "<group>"; };
		828A10A628BA98740096E823 /* libvulkan.1.3.216.dylib */ = {isa = PBXFileReference; lastKnownFileType = "compiled.mach-o.dylib"; name = libvulkan.1.3.216.dylib; path = ../../../../usr/local/lib/libvulkan.1.3.216.dylib; sourceTree = "<group>"; };
		828A10A828BA98CB0096E823 /* libglfw.3.3.dylib */ = {isa = PBXFileReference; lastKnownFileType = "compiled.mach-o.dylib"; name = libglfw.3.3.dylib; path = ../../../../opt/homebrew/lib/libglfw.3.3.dylib; sourceTree = "<group>"; };
		828A10AA28BA98D00096E823 /* libglfw.3.3.dylib */ = {isa = PBXFileReference; lastKnownFileType = "compiled.mach-o.dylib"; name = libglfw.3.3.dylib; path = ../../../../opt/homebrew/lib/libglfw.3.3.dylib; sourceTree = "<group>"; };
		828A10AC28BA99250096E823 /* Window.cpp */ = {isa = PBXFileReference; lastKnownFileType = sourcecode.cpp.cpp; name = Window.cpp; path = src/Window.cpp; sourceTree = "<group>"; };
		828A10AE28BA992D0096E823 /* ValLayers.cpp */ = {isa = PBXFileReference; lastKnownFileType = sourcecode.cpp.cpp; name = ValLayers.cpp; path = src/ValLayers.cpp; sourceTree = "<group>"; };
		828A10B028BA99360096E823 /* Device.cpp */ = {isa = PBXFileReference; lastKnownFileType = sourcecode.cpp.cpp; name = Device.cpp; path = src/Device.cpp; sourceTree = "<group>"; };
		828A10B228BA993C0096E823 /* Queue.cpp */ = {isa = PBXFileReference; lastKnownFileType = sourcecode.cpp.cpp; name = Queue.cpp; path = src/Queue.cpp; sourceTree = "<group>"; };
		828A10B428BA99440096E823 /* SwapChain.cpp */ = {isa = PBXFileReference; lastKnownFileType = sourcecode.cpp.cpp; name = SwapChain.cpp; path = src/SwapChain.cpp; sourceTree = "<group>"; };
/* End PBXFileReference section */

/* Begin PBXFrameworksBuildPhase section */
		828A108A28BA95B70096E823 /* Frameworks */ = {
			isa = PBXFrameworksBuildPhase;
			buildActionMask = 2147483647;
			files = (
				828A10A128BA98640096E823 /* libvulkan.1.dylib in Frameworks */,
				828A10A528BA986F0096E823 /* libvulkan.1.3.216.dylib in Frameworks */,
				828A10A928BA98CB0096E823 /* libglfw.3.3.dylib in Frameworks */,
			);
			runOnlyForDeploymentPostprocessing = 0;
		};
/* End PBXFrameworksBuildPhase section */

/* Begin PBXGroup section */
		828A108428BA95B70096E823 = {
			isa = PBXGroup;
			children = (
				8265087728C175ED0011A483 /* Instance.cpp */,
				8265087528C16D3D0011A483 /* Utils.cpp */,
				8265087328C16B500011A483 /* Pipeline.cpp */,
				8265087128C0EA850011A483 /* shaders */,
				828A10B428BA99440096E823 /* SwapChain.cpp */,
				828A10B228BA993C0096E823 /* Queue.cpp */,
				828A10B028BA99360096E823 /* Device.cpp */,
				828A10AE28BA992D0096E823 /* ValLayers.cpp */,
				828A10AC28BA99250096E823 /* Window.cpp */,
				828A10AA28BA98D00096E823 /* libglfw.3.3.dylib */,
				828A10A628BA98740096E823 /* libvulkan.1.3.216.dylib */,
				828A10A228BA98690096E823 /* libvulkan.1.dylib */,
				828A109D28BA96B40096E823 /* main.cpp */,
				828A109828BA96770096E823 /* src */,
				828A109728BA96670096E823 /* include */,
				828A108E28BA95B70096E823 /* Products */,
				828A109F28BA98640096E823 /* Frameworks */,
			);
			sourceTree = "<group>";
		};
		828A108E28BA95B70096E823 /* Products */ = {
			isa = PBXGroup;
			children = (
				828A108D28BA95B70096E823 /* Vulkan */,
			);
			name = Products;
			sourceTree = "<group>";
		};
		828A109F28BA98640096E823 /* Frameworks */ = {
			isa = PBXGroup;
			children = (
				828A10A828BA98CB0096E823 /* libglfw.3.3.dylib */,
				828A10A428BA986F0096E823 /* libvulkan.1.3.216.dylib */,
				828A10A028BA98640096E823 /* libvulkan.1.dylib */,
			);
			name = Frameworks;
			sourceTree = "<group>";
		};
/* End PBXGroup section */

/* Begin PBXNativeTarget section */
		828A108C28BA95B70096E823 /* Vulkan */ = {
			isa = PBXNativeTarget;
			buildConfigurationList = 828A109428BA95B70096E823 /* Build configuration list for PBXNativeTarget "Vulkan" */;
			buildPhases = (
				828A108928BA95B70096E823 /* Sources */,
				828A108A28BA95B70096E823 /* Frameworks */,
				828A108B28BA95B70096E823 /* CopyFiles */,
			);
			buildRules = (
			);
			dependencies = (
			);
			name = Vulkan;
			productName = Vulkan;
			productReference = 828A108D28BA95B70096E823 /* Vulkan */;
			productType = "com.apple.product-type.tool";
		};
/* End PBXNativeTarget section */

/* Begin PBXProject section */
		828A108528BA95B70096E823 /* Project object */ = {
			isa = PBXProject;
			attributes = {
				BuildIndependentTargetsInParallel = 1;
				LastUpgradeCheck = 1340;
				TargetAttributes = {
					828A108C28BA95B70096E823 = {
						CreatedOnToolsVersion = 13.4.1;
					};
				};
			};
			buildConfigurationList = 828A108828BA95B70096E823 /* Build configuration list for PBXProject "Vulkan" */;
			compatibilityVersion = "Xcode 13.0";
			developmentRegion = en;
			hasScannedForEncodings = 0;
			knownRegions = (
				en,
				Base,
			);
			mainGroup = 828A108428BA95B70096E823;
			productRefGroup = 828A108E28BA95B70096E823 /* Products */;
			projectDirPath = "";
			projectRoot = "";
			targets = (
				828A108C28BA95B70096E823 /* Vulkan */,
			);
		};
/* End PBXProject section */

/* Begin PBXSourcesBuildPhase section */
		828A108928BA95B70096E823 /* Sources */ = {
			isa = PBXSourcesBuildPhase;
			buildActionMask = 2147483647;
			files = (
				828A109E28BA96B40096E823 /* main.cpp in Sources */,
				828A10AD28BA99250096E823 /* Window.cpp in Sources */,
				8265087828C175ED0011A483 /* Instance.cpp in Sources */,
				828A10AF28BA992D0096E823 /* ValLayers.cpp in Sources */,
				828A10B128BA99360096E823 /* Device.cpp in Sources */,
				828A10B328BA993C0096E823 /* Queue.cpp in Sources */,
				828A10B528BA99440096E823 /* SwapChain.cpp in Sources */,
				8265087628C16D3D0011A483 /* Utils.cpp in Sources */,
				8265087428C16B500011A483 /* Pipeline.cpp in Sources */,
			);
			runOnlyForDeploymentPostprocessing = 0;
		};
/* End PBXSourcesBuildPhase section */

/* Begin XCBuildConfiguration section */
		828A109228BA95B70096E823 /* Debug */ = {
			isa = XCBuildConfiguration;
			buildSettings = {
				ALWAYS_SEARCH_USER_PATHS = NO;
				CLANG_ANALYZER_NONNULL = YES;
				CLANG_ANALYZER_NUMBER_OBJECT_CONVERSION = YES_AGGRESSIVE;
				CLANG_CXX_LANGUAGE_STANDARD = "gnu++17";
				CLANG_ENABLE_MODULES = YES;
				CLANG_ENABLE_OBJC_ARC = YES;
				CLANG_ENABLE_OBJC_WEAK = YES;
				CLANG_WARN_BLOCK_CAPTURE_AUTORELEASING = YES;
				CLANG_WARN_BOOL_CONVERSION = YES;
				CLANG_WARN_COMMA = YES;
				CLANG_WARN_CONSTANT_CONVERSION = YES;
				CLANG_WARN_DEPRECATED_OBJC_IMPLEMENTATIONS = YES;
				CLANG_WARN_DIRECT_OBJC_ISA_USAGE = YES_ERROR;
				CLANG_WARN_DOCUMENTATION_COMMENTS = NO;
				CLANG_WARN_EMPTY_BODY = YES;
				CLANG_WARN_ENUM_CONVERSION = YES;
				CLANG_WARN_INFINITE_RECURSION = YES;
				CLANG_WARN_INT_CONVERSION = YES;
				CLANG_WARN_NON_LITERAL_NULL_CONVERSION = YES;
				CLANG_WARN_OBJC_IMPLICIT_RETAIN_SELF = YES;
				CLANG_WARN_OBJC_LITERAL_CONVERSION = YES;
				CLANG_WARN_OBJC_ROOT_CLASS = YES_ERROR;
				CLANG_WARN_QUOTED_INCLUDE_IN_FRAMEWORK_HEADER = YES;
				CLANG_WARN_RANGE_LOOP_ANALYSIS = YES;
				CLANG_WARN_STRICT_PROTOTYPES = YES;
				CLANG_WARN_SUSPICIOUS_MOVE = YES;
				CLANG_WARN_UNGUARDED_AVAILABILITY = YES_AGGRESSIVE;
				CLANG_WARN_UNREACHABLE_CODE = YES;
				CLANG_WARN__DUPLICATE_METHOD_MATCH = YES;
				COPY_PHASE_STRIP = NO;
				DEBUG_INFORMATION_FORMAT = dwarf;
				ENABLE_STRICT_OBJC_MSGSEND = YES;
				ENABLE_TESTABILITY = YES;
				GCC_C_LANGUAGE_STANDARD = gnu11;
				GCC_DYNAMIC_NO_PIC = NO;
				GCC_NO_COMMON_BLOCKS = YES;
				GCC_OPTIMIZATION_LEVEL = 0;
				GCC_PREPROCESSOR_DEFINITIONS = (
					"DEBUG=1",
					"$(inherited)",
				);
				GCC_WARN_64_TO_32_BIT_CONVERSION = YES;
				GCC_WARN_ABOUT_RETURN_TYPE = YES_ERROR;
				GCC_WARN_UNDECLARED_SELECTOR = YES;
				GCC_WARN_UNINITIALIZED_AUTOS = YES_AGGRESSIVE;
				GCC_WARN_UNUSED_FUNCTION = YES;
				GCC_WARN_UNUSED_VARIABLE = YES;
				MACOSX_DEPLOYMENT_TARGET = 12.3;
				MTL_ENABLE_DEBUG_INFO = INCLUDE_SOURCE;
				MTL_FAST_MATH = YES;
				ONLY_ACTIVE_ARCH = YES;
				SDKROOT = macosx;
			};
			name = Debug;
		};
		828A109328BA95B70096E823 /* Release */ = {
			isa = XCBuildConfiguration;
			buildSettings = {
				ALWAYS_SEARCH_USER_PATHS = NO;
				CLANG_ANALYZER_NONNULL = YES;
				CLANG_ANALYZER_NUMBER_OBJECT_CONVERSION = YES_AGGRESSIVE;
				CLANG_CXX_LANGUAGE_STANDARD = "gnu++17";
				CLANG_ENABLE_MODULES = YES;
				CLANG_ENABLE_OBJC_ARC = YES;
				CLANG_ENABLE_OBJC_WEAK = YES;
				CLANG_WARN_BLOCK_CAPTURE_AUTORELEASING = YES;
				CLANG_WARN_BOOL_CONVERSION = YES;
				CLANG_WARN_COMMA = YES;
				CLANG_WARN_CONSTANT_CONVERSION = YES;
				CLANG_WARN_DEPRECATED_OBJC_IMPLEMENTATIONS = YES;
				CLANG_WARN_DIRECT_OBJC_ISA_USAGE = YES_ERROR;
				CLANG_WARN_DOCUMENTATION_COMMENTS = NO;
				CLANG_WARN_EMPTY_BODY = YES;
				CLANG_WARN_ENUM_CONVERSION = YES;
				CLANG_WARN_INFINITE_RECURSION = YES;
				CLANG_WARN_INT_CONVERSION = YES;
				CLANG_WARN_NON_LITERAL_NULL_CONVERSION = YES;
				CLANG_WARN_OBJC_IMPLICIT_RETAIN_SELF = YES;
				CLANG_WARN_OBJC_LITERAL_CONVERSION = YES;
				CLANG_WARN_OBJC_ROOT_CLASS = YES_ERROR;
				CLANG_WARN_QUOTED_INCLUDE_IN_FRAMEWORK_HEADER = YES;
				CLANG_WARN_RANGE_LOOP_ANALYSIS = YES;
				CLANG_WARN_STRICT_PROTOTYPES = YES;
				CLANG_WARN_SUSPICIOUS_MOVE = YES;
				CLANG_WARN_UNGUARDED_AVAILABILITY = YES_AGGRESSIVE;
				CLANG_WARN_UNREACHABLE_CODE = YES;
				CLANG_WARN__DUPLICATE_METHOD_MATCH = YES;
				COPY_PHASE_STRIP = NO;
				DEBUG_INFORMATION_FORMAT = "dwarf-with-dsym";
				ENABLE_NS_ASSERTIONS = NO;
				ENABLE_STRICT_OBJC_MSGSEND = YES;
				GCC_C_LANGUAGE_STANDARD = gnu11;
				GCC_NO_COMMON_BLOCKS = YES;
				GCC_WARN_64_TO_32_BIT_CONVERSION = YES;
				GCC_WARN_ABOUT_RETURN_TYPE = YES_ERROR;
				GCC_WARN_UNDECLARED_SELECTOR = YES;
				GCC_WARN_UNINITIALIZED_AUTOS = YES_AGGRESSIVE;
				GCC_WARN_UNUSED_FUNCTION = YES;
				GCC_WARN_UNUSED_VARIABLE = YES;
				MACOSX_DEPLOYMENT_TARGET = 12.3;
				MTL_ENABLE_DEBUG_INFO = NO;
				MTL_FAST_MATH = YES;
				SDKROOT = macosx;
			};
			name = Release;
		};
		828A109528BA95B70096E823 /* Debug */ = {
			isa = XCBuildConfiguration;
			buildSettings = {
				CODE_SIGN_STYLE = Automatic;
				HEADER_SEARCH_PATHS = (
					/usr/local/include/,
					/Users/alexanderustyuzhanin/VulkanSDK/1.3.216.0/macOS/include/,
					./include/,
					/opt/homebrew/include/,
				);
				LIBRARY_SEARCH_PATHS = (
					/usr/local/lib,
					/Users/alexanderustyuzhanin/VulkanSDK/1.3.216.0/macOS/lib/,
					/opt/homebrew/lib,
				);
				PRODUCT_NAME = "$(TARGET_NAME)";
			};
			name = Debug;
		};
		828A109628BA95B70096E823 /* Release */ = {
			isa = XCBuildConfiguration;
			buildSettings = {
				CODE_SIGN_STYLE = Automatic;
				HEADER_SEARCH_PATHS = (
					/usr/local/include/,
					/Users/alexanderustyuzhanin/VulkanSDK/1.3.216.0/macOS/include/,
					./include/,
					/opt/homebrew/include/,
				);
				LIBRARY_SEARCH_PATHS = (
					/usr/local/lib,
					/Users/alexanderustyuzhanin/VulkanSDK/1.3.216.0/macOS/lib/,
					/opt/homebrew/lib,
				);
				PRODUCT_NAME = "$(TARGET_NAME)";
			};
			name = Release;
		};
/* End XCBuildConfiguration section */

/* Begin XCConfigurationList section */
		828A108828BA95B70096E823 /* Build configuration list for PBXProject "Vulkan" */ = {
			isa = XCConfigurationList;
			buildConfigurations = (
				828A109228BA95B70096E823 /* Debug */,
				828A109328BA95B70096E823 /* Release */,
			);
			defaultConfigurationIsVisible = 0;
			defaultConfigurationName = Release;
		};
		828A109428BA95B70096E823 /* Build configuration list for PBXNativeTarget "Vulkan" */ = {
			isa = XCConfigurationList;
			buildConfigurations = (
				828A109528BA95B70096E823 /* Debug */,
				828A109628BA95B70096E823 /* Release */,
			);
			defaultConfigurationIsVisible = 0;
			defaultConfigurationName = Release;
		};
/* End XCConfigurationList section */
	};
	rootObject = 828A108528BA95B70096E823 /* Project object */;
}
